
Microsoft Visual Studio Solution File, Format Version 12.00
# Visual Studio 2012
Project("{FAE04EC0-301F-11D3-BF4B-00C04F79EFBC}") = "PERI.ListExtender", "PERI.ListExtender\PERI.ListExtender.csproj", "{DC69BDE7-9854-4E32-BA07-A02F8A83943E}"
EndProject
Project("{FAE04EC0-301F-11D3-BF4B-00C04F79EFBC}") = "PERI.ListExtended.Test", "PERI.ListExtended.Test\PERI.ListExtended.Test.csproj", "{6DD71E19-80F1-4994-836D-34FD46B47D4C}"
EndProject
Global
	GlobalSection(SolutionConfigurationPlatforms) = preSolution
		Debug|Any CPU = Debug|Any CPU
		Release|Any CPU = Release|Any CPU
	EndGlobalSection
	GlobalSection(ProjectConfigurationPlatforms) = postSolution
		{DC69BDE7-9854-4E32-BA07-A02F8A83943E}.Debug|Any CPU.ActiveCfg = Debug|Any CPU
		{DC69BDE7-9854-4E32-BA07-A02F8A83943E}.Debug|Any CPU.Build.0 = Debug|Any CPU
		{DC69BDE7-9854-4E32-BA07-A02F8A83943E}.Release|Any CPU.ActiveCfg = Release|Any CPU
		{DC69BDE7-9854-4E32-BA07-A02F8A83943E}.Release|Any CPU.Build.0 = Release|Any CPU
		{6DD71E19-80F1-4994-836D-34FD46B47D4C}.Debug|Any CPU.ActiveCfg = Debug|Any CPU
		{6DD71E19-80F1-4994-836D-34FD46B47D4C}.Debug|Any CPU.Build.0 = Debug|Any CPU
		{6DD71E19-80F1-4994-836D-34FD46B47D4C}.Release|Any CPU.ActiveCfg = Release|Any CPU
		{6DD71E19-80F1-4994-836D-34FD46B47D4C}.Release|Any CPU.Build.0 = Release|Any CPU
	EndGlobalSection
	GlobalSection(SolutionProperties) = preSolution
		HideSolutionNode = FALSE
	EndGlobalSection
EndGlobal
